// !$*UTF8*$!
{
	archiveVersion = 1;
	classes = {
	};
	objectVersion = 56;
	objects = {

/* Begin PBXBuildFile section */
		EB4981192A4DDB390048DDF8 /* TextFile.swift in Sources */ = {isa = PBXBuildFile; fileRef = EB4981182A4DDB390048DDF8 /* TextFile.swift */; };
		EB49811C2A4F4E6C0048DDF8 /* EditMode.swift in Sources */ = {isa = PBXBuildFile; fileRef = EB49811B2A4F4E6C0048DDF8 /* EditMode.swift */; };
		EB64B99F2A483169002F806E /* FileEditView.swift in Sources */ = {isa = PBXBuildFile; fileRef = EB64B99E2A483169002F806E /* FileEditView.swift */; };
		EB64B9A12A485CAF002F806E /* FileOperator.swift in Sources */ = {isa = PBXBuildFile; fileRef = EB64B9A02A485CAF002F806E /* FileOperator.swift */; };
		EB64B9A52A487660002F806E /* TangoFile.swift in Sources */ = {isa = PBXBuildFile; fileRef = EB64B9A42A487660002F806E /* TangoFile.swift */; };
		EBACC7592A4C794F00C1A1D1 /* TangoDataElement.swift in Sources */ = {isa = PBXBuildFile; fileRef = EBACC7582A4C794F00C1A1D1 /* TangoDataElement.swift */; };
		EBACC75B2A4C86D600C1A1D1 /* TestType.swift in Sources */ = {isa = PBXBuildFile; fileRef = EBACC75A2A4C86D600C1A1D1 /* TestType.swift */; };
		EBACC75D2A4C871200C1A1D1 /* TangoTestView.swift in Sources */ = {isa = PBXBuildFile; fileRef = EBACC75C2A4C871200C1A1D1 /* TangoTestView.swift */; };
		EBF15BC32998D783001F63AD /* TangoTestKunApp.swift in Sources */ = {isa = PBXBuildFile; fileRef = EBF15BC22998D783001F63AD /* TangoTestKunApp.swift */; };
		EBF15BC52998D783001F63AD /* ContentView.swift in Sources */ = {isa = PBXBuildFile; fileRef = EBF15BC42998D783001F63AD /* ContentView.swift */; };
		EBF15BC72998D789001F63AD /* Assets.xcassets in Resources */ = {isa = PBXBuildFile; fileRef = EBF15BC62998D789001F63AD /* Assets.xcassets */; };
		EBF15BCB2998D789001F63AD /* Preview Assets.xcassets in Resources */ = {isa = PBXBuildFile; fileRef = EBF15BCA2998D789001F63AD /* Preview Assets.xcassets */; };
		EBF15BD22998EB2D001F63AD /* TangoParser.swift in Sources */ = {isa = PBXBuildFile; fileRef = EBF15BD12998EB2D001F63AD /* TangoParser.swift */; };
/* End PBXBuildFile section */

/* Begin PBXFileReference section */
		EB4981182A4DDB390048DDF8 /* TextFile.swift */ = {isa = PBXFileReference; lastKnownFileType = sourcecode.swift; path = TextFile.swift; sourceTree = "<group>"; };
		EB49811B2A4F4E6C0048DDF8 /* EditMode.swift */ = {isa = PBXFileReference; lastKnownFileType = sourcecode.swift; path = EditMode.swift; sourceTree = "<group>"; };
		EB64B99E2A483169002F806E /* FileEditView.swift */ = {isa = PBXFileReference; lastKnownFileType = sourcecode.swift; path = FileEditView.swift; sourceTree = "<group>"; };
		EB64B9A02A485CAF002F806E /* FileOperator.swift */ = {isa = PBXFileReference; lastKnownFileType = sourcecode.swift; path = FileOperator.swift; sourceTree = "<group>"; };
		EB64B9A42A487660002F806E /* TangoFile.swift */ = {isa = PBXFileReference; lastKnownFileType = sourcecode.swift; path = TangoFile.swift; sourceTree = "<group>"; };
		EBACC7582A4C794F00C1A1D1 /* TangoDataElement.swift */ = {isa = PBXFileReference; lastKnownFileType = sourcecode.swift; path = TangoDataElement.swift; sourceTree = "<group>"; };
		EBACC75A2A4C86D600C1A1D1 /* TestType.swift */ = {isa = PBXFileReference; lastKnownFileType = sourcecode.swift; path = TestType.swift; sourceTree = "<group>"; };
		EBACC75C2A4C871200C1A1D1 /* TangoTestView.swift */ = {isa = PBXFileReference; lastKnownFileType = sourcecode.swift; path = TangoTestView.swift; sourceTree = "<group>"; };
		EBF15BBF2998D783001F63AD /* TangoTestKun.app */ = {isa = PBXFileReference; explicitFileType = wrapper.application; includeInIndex = 0; path = TangoTestKun.app; sourceTree = BUILT_PRODUCTS_DIR; };
		EBF15BC22998D783001F63AD /* TangoTestKunApp.swift */ = {isa = PBXFileReference; lastKnownFileType = sourcecode.swift; path = TangoTestKunApp.swift; sourceTree = "<group>"; };
		EBF15BC42998D783001F63AD /* ContentView.swift */ = {isa = PBXFileReference; lastKnownFileType = sourcecode.swift; path = ContentView.swift; sourceTree = "<group>"; };
		EBF15BC62998D789001F63AD /* Assets.xcassets */ = {isa = PBXFileReference; lastKnownFileType = folder.assetcatalog; path = Assets.xcassets; sourceTree = "<group>"; };
		EBF15BC82998D789001F63AD /* TangoTestKun.entitlements */ = {isa = PBXFileReference; lastKnownFileType = text.plist.entitlements; path = TangoTestKun.entitlements; sourceTree = "<group>"; };
		EBF15BCA2998D789001F63AD /* Preview Assets.xcassets */ = {isa = PBXFileReference; lastKnownFileType = folder.assetcatalog; path = "Preview Assets.xcassets"; sourceTree = "<group>"; };
		EBF15BD12998EB2D001F63AD /* TangoParser.swift */ = {isa = PBXFileReference; lastKnownFileType = sourcecode.swift; path = TangoParser.swift; sourceTree = "<group>"; };
		EBF15BD329990C0A001F63AD /* Info.plist */ = {isa = PBXFileReference; lastKnownFileType = text.plist; path = Info.plist; sourceTree = "<group>"; };
/* End PBXFileReference section */

/* Begin PBXFrameworksBuildPhase section */
		EBF15BBC2998D783001F63AD /* Frameworks */ = {
			isa = PBXFrameworksBuildPhase;
			buildActionMask = 2147483647;
			files = (
			);
			runOnlyForDeploymentPostprocessing = 0;
		};
/* End PBXFrameworksBuildPhase section */

/* Begin PBXGroup section */
		EB49811A2A4F18930048DDF8 /* Model */ = {
			isa = PBXGroup;
			children = (
				EB64B9A42A487660002F806E /* TangoFile.swift */,
				EBACC7582A4C794F00C1A1D1 /* TangoDataElement.swift */,
			);
			path = Model;
			sourceTree = "<group>";
		};
		EB64B9A22A48748B002F806E /* View */ = {
			isa = PBXGroup;
			children = (
				EBF15BC42998D783001F63AD /* ContentView.swift */,
				EBACC75C2A4C871200C1A1D1 /* TangoTestView.swift */,
				EB64B99E2A483169002F806E /* FileEditView.swift */,
			);
			path = View;
			sourceTree = "<group>";
		};
		EB64B9A32A4874A3002F806E /* Other */ = {
			isa = PBXGroup;
			children = (
				EB4981182A4DDB390048DDF8 /* TextFile.swift */,
				EBACC75A2A4C86D600C1A1D1 /* TestType.swift */,
				EB49811B2A4F4E6C0048DDF8 /* EditMode.swift */,
				EB64B9A02A485CAF002F806E /* FileOperator.swift */,
				EBF15BD12998EB2D001F63AD /* TangoParser.swift */,
			);
			path = Other;
			sourceTree = "<group>";
		};
		EBF15BB62998D783001F63AD = {
			isa = PBXGroup;
			children = (
				EBF15BC12998D783001F63AD /* TangoTestKun */,
				EBF15BC02998D783001F63AD /* Products */,
			);
			sourceTree = "<group>";
		};
		EBF15BC02998D783001F63AD /* Products */ = {
			isa = PBXGroup;
			children = (
				EBF15BBF2998D783001F63AD /* TangoTestKun.app */,
			);
			name = Products;
			sourceTree = "<group>";
		};
		EBF15BC12998D783001F63AD /* TangoTestKun */ = {
			isa = PBXGroup;
			children = (
				EBF15BD329990C0A001F63AD /* Info.plist */,
				EBF15BC22998D783001F63AD /* TangoTestKunApp.swift */,
				EB64B9A22A48748B002F806E /* View */,
				EB49811A2A4F18930048DDF8 /* Model */,
				EB64B9A32A4874A3002F806E /* Other */,
				EBF15BC62998D789001F63AD /* Assets.xcassets */,
				EBF15BC82998D789001F63AD /* TangoTestKun.entitlements */,
				EBF15BC92998D789001F63AD /* Preview Content */,
			);
			path = TangoTestKun;
			sourceTree = "<group>";
		};
		EBF15BC92998D789001F63AD /* Preview Content */ = {
			isa = PBXGroup;
			children = (
				EBF15BCA2998D789001F63AD /* Preview Assets.xcassets */,
			);
			path = "Preview Content";
			sourceTree = "<group>";
		};
/* End PBXGroup section */

/* Begin PBXNativeTarget section */
		EBF15BBE2998D783001F63AD /* TangoTestKun */ = {
			isa = PBXNativeTarget;
			buildConfigurationList = EBF15BCE2998D789001F63AD /* Build configuration list for PBXNativeTarget "TangoTestKun" */;
			buildPhases = (
				EBF15BBB2998D783001F63AD /* Sources */,
				EBF15BBC2998D783001F63AD /* Frameworks */,
				EBF15BBD2998D783001F63AD /* Resources */,
			);
			buildRules = (
			);
			dependencies = (
			);
			name = TangoTestKun;
			productName = TangoTestKun;
			productReference = EBF15BBF2998D783001F63AD /* TangoTestKun.app */;
			productType = "com.apple.product-type.application";
		};
/* End PBXNativeTarget section */

/* Begin PBXProject section */
		EBF15BB72998D783001F63AD /* Project object */ = {
			isa = PBXProject;
			attributes = {
				BuildIndependentTargetsInParallel = 1;
				LastSwiftUpdateCheck = 1420;
				LastUpgradeCheck = 1420;
				TargetAttributes = {
					EBF15BBE2998D783001F63AD = {
						CreatedOnToolsVersion = 14.2;
					};
				};
			};
			buildConfigurationList = EBF15BBA2998D783001F63AD /* Build configuration list for PBXProject "TangoTestKun" */;
			compatibilityVersion = "Xcode 14.0";
			developmentRegion = en;
			hasScannedForEncodings = 0;
			knownRegions = (
				en,
				Base,
			);
			mainGroup = EBF15BB62998D783001F63AD;
			productRefGroup = EBF15BC02998D783001F63AD /* Products */;
			projectDirPath = "";
			projectRoot = "";
			targets = (
				EBF15BBE2998D783001F63AD /* TangoTestKun */,
			);
		};
/* End PBXProject section */

/* Begin PBXResourcesBuildPhase section */
		EBF15BBD2998D783001F63AD /* Resources */ = {
			isa = PBXResourcesBuildPhase;
			buildActionMask = 2147483647;
			files = (
				EBF15BCB2998D789001F63AD /* Preview Assets.xcassets in Resources */,
				EBF15BC72998D789001F63AD /* Assets.xcassets in Resources */,
			);
			runOnlyForDeploymentPostprocessing = 0;
		};
/* End PBXResourcesBuildPhase section */

/* Begin PBXSourcesBuildPhase section */
		EBF15BBB2998D783001F63AD /* Sources */ = {
			isa = PBXSourcesBuildPhase;
			buildActionMask = 2147483647;
			files = (
				EBF15BC52998D783001F63AD /* ContentView.swift in Sources */,
				EB64B99F2A483169002F806E /* FileEditView.swift in Sources */,
				EBACC75B2A4C86D600C1A1D1 /* TestType.swift in Sources */,
				EBACC7592A4C794F00C1A1D1 /* TangoDataElement.swift in Sources */,
				EB49811C2A4F4E6C0048DDF8 /* EditMode.swift in Sources */,
				EB64B9A12A485CAF002F806E /* FileOperator.swift in Sources */,
				EB4981192A4DDB390048DDF8 /* TextFile.swift in Sources */,
				EBACC75D2A4C871200C1A1D1 /* TangoTestView.swift in Sources */,
				EB64B9A52A487660002F806E /* TangoFile.swift in Sources */,
				EBF15BC32998D783001F63AD /* TangoTestKunApp.swift in Sources */,
				EBF15BD22998EB2D001F63AD /* TangoParser.swift in Sources */,
			);
			runOnlyForDeploymentPostprocessing = 0;
		};
/* End PBXSourcesBuildPhase section */

/* Begin XCBuildConfiguration section */
		EBF15BCC2998D789001F63AD /* Debug */ = {
			isa = XCBuildConfiguration;
			buildSettings = {
				ALWAYS_SEARCH_USER_PATHS = NO;
				CLANG_ANALYZER_NONNULL = YES;
				CLANG_ANALYZER_NUMBER_OBJECT_CONVERSION = YES_AGGRESSIVE;
				CLANG_CXX_LANGUAGE_STANDARD = "gnu++20";
				CLANG_ENABLE_MODULES = YES;
				CLANG_ENABLE_OBJC_ARC = YES;
				CLANG_ENABLE_OBJC_WEAK = YES;
				CLANG_WARN_BLOCK_CAPTURE_AUTORELEASING = YES;
				CLANG_WARN_BOOL_CONVERSION = YES;
				CLANG_WARN_COMMA = YES;
				CLANG_WARN_CONSTANT_CONVERSION = YES;
				CLANG_WARN_DEPRECATED_OBJC_IMPLEMENTATIONS = YES;
				CLANG_WARN_DIRECT_OBJC_ISA_USAGE = YES_ERROR;
				CLANG_WARN_DOCUMENTATION_COMMENTS = YES;
				CLANG_WARN_EMPTY_BODY = YES;
				CLANG_WARN_ENUM_CONVERSION = YES;
				CLANG_WARN_INFINITE_RECURSION = YES;
				CLANG_WARN_INT_CONVERSION = YES;
				CLANG_WARN_NON_LITERAL_NULL_CONVERSION = YES;
				CLANG_WARN_OBJC_IMPLICIT_RETAIN_SELF = YES;
				CLANG_WARN_OBJC_LITERAL_CONVERSION = YES;
				CLANG_WARN_OBJC_ROOT_CLASS = YES_ERROR;
				CLANG_WARN_QUOTED_INCLUDE_IN_FRAMEWORK_HEADER = YES;
				CLANG_WARN_RANGE_LOOP_ANALYSIS = YES;
				CLANG_WARN_STRICT_PROTOTYPES = YES;
				CLANG_WARN_SUSPICIOUS_MOVE = YES;
				CLANG_WARN_UNGUARDED_AVAILABILITY = YES_AGGRESSIVE;
				CLANG_WARN_UNREACHABLE_CODE = YES;
				CLANG_WARN__DUPLICATE_METHOD_MATCH = YES;
				COPY_PHASE_STRIP = NO;
				DEBUG_INFORMATION_FORMAT = dwarf;
				ENABLE_STRICT_OBJC_MSGSEND = YES;
				ENABLE_TESTABILITY = YES;
				GCC_C_LANGUAGE_STANDARD = gnu11;
				GCC_DYNAMIC_NO_PIC = NO;
				GCC_NO_COMMON_BLOCKS = YES;
				GCC_OPTIMIZATION_LEVEL = 0;
				GCC_PREPROCESSOR_DEFINITIONS = (
					"DEBUG=1",
					"$(inherited)",
				);
				GCC_WARN_64_TO_32_BIT_CONVERSION = YES;
				GCC_WARN_ABOUT_RETURN_TYPE = YES_ERROR;
				GCC_WARN_UNDECLARED_SELECTOR = YES;
				GCC_WARN_UNINITIALIZED_AUTOS = YES_AGGRESSIVE;
				GCC_WARN_UNUSED_FUNCTION = YES;
				GCC_WARN_UNUSED_VARIABLE = YES;
				MTL_ENABLE_DEBUG_INFO = INCLUDE_SOURCE;
				MTL_FAST_MATH = YES;
				ONLY_ACTIVE_ARCH = YES;
				SWIFT_ACTIVE_COMPILATION_CONDITIONS = DEBUG;
				SWIFT_OPTIMIZATION_LEVEL = "-Onone";
			};
			name = Debug;
		};
		EBF15BCD2998D789001F63AD /* Release */ = {
			isa = XCBuildConfiguration;
			buildSettings = {
				ALWAYS_SEARCH_USER_PATHS = NO;
				CLANG_ANALYZER_NONNULL = YES;
				CLANG_ANALYZER_NUMBER_OBJECT_CONVERSION = YES_AGGRESSIVE;
				CLANG_CXX_LANGUAGE_STANDARD = "gnu++20";
				CLANG_ENABLE_MODULES = YES;
				CLANG_ENABLE_OBJC_ARC = YES;
				CLANG_ENABLE_OBJC_WEAK = YES;
				CLANG_WARN_BLOCK_CAPTURE_AUTORELEASING = YES;
				CLANG_WARN_BOOL_CONVERSION = YES;
				CLANG_WARN_COMMA = YES;
				CLANG_WARN_CONSTANT_CONVERSION = YES;
				CLANG_WARN_DEPRECATED_OBJC_IMPLEMENTATIONS = YES;
				CLANG_WARN_DIRECT_OBJC_ISA_USAGE = YES_ERROR;
				CLANG_WARN_DOCUMENTATION_COMMENTS = YES;
				CLANG_WARN_EMPTY_BODY = YES;
				CLANG_WARN_ENUM_CONVERSION = YES;
				CLANG_WARN_INFINITE_RECURSION = YES;
				CLANG_WARN_INT_CONVERSION = YES;
				CLANG_WARN_NON_LITERAL_NULL_CONVERSION = YES;
				CLANG_WARN_OBJC_IMPLICIT_RETAIN_SELF = YES;
				CLANG_WARN_OBJC_LITERAL_CONVERSION = YES;
				CLANG_WARN_OBJC_ROOT_CLASS = YES_ERROR;
				CLANG_WARN_QUOTED_INCLUDE_IN_FRAMEWORK_HEADER = YES;
				CLANG_WARN_RANGE_LOOP_ANALYSIS = YES;
				CLANG_WARN_STRICT_PROTOTYPES = YES;
				CLANG_WARN_SUSPICIOUS_MOVE = YES;
				CLANG_WARN_UNGUARDED_AVAILABILITY = YES_AGGRESSIVE;
				CLANG_WARN_UNREACHABLE_CODE = YES;
				CLANG_WARN__DUPLICATE_METHOD_MATCH = YES;
				COPY_PHASE_STRIP = NO;
				DEBUG_INFORMATION_FORMAT = "dwarf-with-dsym";
				ENABLE_NS_ASSERTIONS = NO;
				ENABLE_STRICT_OBJC_MSGSEND = YES;
				GCC_C_LANGUAGE_STANDARD = gnu11;
				GCC_NO_COMMON_BLOCKS = YES;
				GCC_WARN_64_TO_32_BIT_CONVERSION = YES;
				GCC_WARN_ABOUT_RETURN_TYPE = YES_ERROR;
				GCC_WARN_UNDECLARED_SELECTOR = YES;
				GCC_WARN_UNINITIALIZED_AUTOS = YES_AGGRESSIVE;
				GCC_WARN_UNUSED_FUNCTION = YES;
				GCC_WARN_UNUSED_VARIABLE = YES;
				MTL_ENABLE_DEBUG_INFO = NO;
				MTL_FAST_MATH = YES;
				SWIFT_COMPILATION_MODE = wholemodule;
				SWIFT_OPTIMIZATION_LEVEL = "-O";
			};
			name = Release;
		};
		EBF15BCF2998D789001F63AD /* Debug */ = {
			isa = XCBuildConfiguration;
			buildSettings = {
				ASSETCATALOG_COMPILER_APPICON_NAME = AppIcon;
				ASSETCATALOG_COMPILER_GLOBAL_ACCENT_COLOR_NAME = AccentColor;
				CODE_SIGN_ENTITLEMENTS = TangoTestKun/TangoTestKun.entitlements;
				CODE_SIGN_IDENTITY = "Apple Development";
				"CODE_SIGN_IDENTITY[sdk=macosx*]" = "Apple Development";
				CODE_SIGN_STYLE = Automatic;
				CURRENT_PROJECT_VERSION = 4;
				DEVELOPMENT_ASSET_PATHS = "\"TangoTestKun/Preview Content\"";
				DEVELOPMENT_TEAM = VXRZ4F779B;
				ENABLE_HARDENED_RUNTIME = YES;
				ENABLE_PREVIEWS = YES;
				GENERATE_INFOPLIST_FILE = YES;
				INFOPLIST_FILE = TangoTestKun/Info.plist;
				INFOPLIST_KEY_CFBundleDisplayName = "単語テストくん";
				INFOPLIST_KEY_LSApplicationCategoryType = "public.app-category.education";
				INFOPLIST_KEY_LSSupportsOpeningDocumentsInPlace = YES;
				"INFOPLIST_KEY_UIApplicationSceneManifest_Generation[sdk=iphoneos*]" = YES;
				"INFOPLIST_KEY_UIApplicationSceneManifest_Generation[sdk=iphonesimulator*]" = YES;
				"INFOPLIST_KEY_UIApplicationSupportsIndirectInputEvents[sdk=iphoneos*]" = YES;
				"INFOPLIST_KEY_UIApplicationSupportsIndirectInputEvents[sdk=iphonesimulator*]" = YES;
				"INFOPLIST_KEY_UILaunchScreen_Generation[sdk=iphoneos*]" = YES;
				"INFOPLIST_KEY_UILaunchScreen_Generation[sdk=iphonesimulator*]" = YES;
				"INFOPLIST_KEY_UIStatusBarStyle[sdk=iphoneos*]" = UIStatusBarStyleDefault;
				"INFOPLIST_KEY_UIStatusBarStyle[sdk=iphonesimulator*]" = UIStatusBarStyleDefault;
				INFOPLIST_KEY_UISupportedInterfaceOrientations_iPad = "UIInterfaceOrientationPortrait UIInterfaceOrientationPortraitUpsideDown UIInterfaceOrientationLandscapeLeft UIInterfaceOrientationLandscapeRight";
				INFOPLIST_KEY_UISupportedInterfaceOrientations_iPhone = "UIInterfaceOrientationPortrait UIInterfaceOrientationLandscapeLeft UIInterfaceOrientationLandscapeRight";
				IPHONEOS_DEPLOYMENT_TARGET = 16.2;
				LD_RUNPATH_SEARCH_PATHS = "@executable_path/Frameworks";
				"LD_RUNPATH_SEARCH_PATHS[sdk=macosx*]" = "@executable_path/../Frameworks";
				MACOSX_DEPLOYMENT_TARGET = 13.1;
				MARKETING_VERSION = "Alpha 1.2.0 Beta 1";
				PRODUCT_BUNDLE_IDENTIFIER = com.yu3san3.TangoTestKun;
				PRODUCT_NAME = "$(TARGET_NAME)";
				PROVISIONING_PROFILE_SPECIFIER = "";
				SDKROOT = auto;
				SUPPORTED_PLATFORMS = "iphoneos iphonesimulator";
				SUPPORTS_MACCATALYST = YES;
				SUPPORTS_MAC_DESIGNED_FOR_IPHONE_IPAD = NO;
				SWIFT_EMIT_LOC_STRINGS = YES;
				SWIFT_VERSION = 5.0;
				TARGETED_DEVICE_FAMILY = "1,2";
			};
			name = Debug;
		};
		EBF15BD02998D789001F63AD /* Release */ = {
			isa = XCBuildConfiguration;
			buildSettings = {
				ASSETCATALOG_COMPILER_APPICON_NAME = AppIcon;
				ASSETCATALOG_COMPILER_GLOBAL_ACCENT_COLOR_NAME = AccentColor;
				CODE_SIGN_ENTITLEMENTS = TangoTestKun/TangoTestKun.entitlements;
				CODE_SIGN_IDENTITY = "Apple Development";
				"CODE_SIGN_IDENTITY[sdk=macosx*]" = "Apple Development";
				CODE_SIGN_STYLE = Automatic;
				CURRENT_PROJECT_VERSION = 4;
				DEVELOPMENT_ASSET_PATHS = "\"TangoTestKun/Preview Content\"";
				DEVELOPMENT_TEAM = VXRZ4F779B;
				ENABLE_HARDENED_RUNTIME = YES;
				ENABLE_PREVIEWS = YES;
				GENERATE_INFOPLIST_FILE = YES;
				INFOPLIST_FILE = TangoTestKun/Info.plist;
				INFOPLIST_KEY_CFBundleDisplayName = "単語テストくん";
				INFOPLIST_KEY_LSApplicationCategoryType = "public.app-category.education";
				INFOPLIST_KEY_LSSupportsOpeningDocumentsInPlace = YES;
				"INFOPLIST_KEY_UIApplicationSceneManifest_Generation[sdk=iphoneos*]" = YES;
				"INFOPLIST_KEY_UIApplicationSceneManifest_Generation[sdk=iphonesimulator*]" = YES;
				"INFOPLIST_KEY_UIApplicationSupportsIndirectInputEvents[sdk=iphoneos*]" = YES;
				"INFOPLIST_KEY_UIApplicationSupportsIndirectInputEvents[sdk=iphonesimulator*]" = YES;
				"INFOPLIST_KEY_UILaunchScreen_Generation[sdk=iphoneos*]" = YES;
				"INFOPLIST_KEY_UILaunchScreen_Generation[sdk=iphonesimulator*]" = YES;
				"INFOPLIST_KEY_UIStatusBarStyle[sdk=iphoneos*]" = UIStatusBarStyleDefault;
				"INFOPLIST_KEY_UIStatusBarStyle[sdk=iphonesimulator*]" = UIStatusBarStyleDefault;
				INFOPLIST_KEY_UISupportedInterfaceOrientations_iPad = "UIInterfaceOrientationPortrait UIInterfaceOrientationPortraitUpsideDown UIInterfaceOrientationLandscapeLeft UIInterfaceOrientationLandscapeRight";
				INFOPLIST_KEY_UISupportedInterfaceOrientations_iPhone = "UIInterfaceOrientationPortrait UIInterfaceOrientationLandscapeLeft UIInterfaceOrientationLandscapeRight";
				IPHONEOS_DEPLOYMENT_TARGET = 16.2;
				LD_RUNPATH_SEARCH_PATHS = "@executable_path/Frameworks";
				"LD_RUNPATH_SEARCH_PATHS[sdk=macosx*]" = "@executable_path/../Frameworks";
				MACOSX_DEPLOYMENT_TARGET = 13.1;
				MARKETING_VERSION = "Alpha 1.2.0 Beta 1";
				PRODUCT_BUNDLE_IDENTIFIER = com.yu3san3.TangoTestKun;
				PRODUCT_NAME = "$(TARGET_NAME)";
				PROVISIONING_PROFILE_SPECIFIER = "";
				SDKROOT = auto;
				SUPPORTED_PLATFORMS = "iphoneos iphonesimulator";
				SUPPORTS_MACCATALYST = YES;
				SUPPORTS_MAC_DESIGNED_FOR_IPHONE_IPAD = NO;
				SWIFT_EMIT_LOC_STRINGS = YES;
				SWIFT_VERSION = 5.0;
				TARGETED_DEVICE_FAMILY = "1,2";
			};
			name = Release;
		};
/* End XCBuildConfiguration section */

/* Begin XCConfigurationList section */
		EBF15BBA2998D783001F63AD /* Build configuration list for PBXProject "TangoTestKun" */ = {
			isa = XCConfigurationList;
			buildConfigurations = (
				EBF15BCC2998D789001F63AD /* Debug */,
				EBF15BCD2998D789001F63AD /* Release */,
			);
			defaultConfigurationIsVisible = 0;
			defaultConfigurationName = Release;
		};
		EBF15BCE2998D789001F63AD /* Build configuration list for PBXNativeTarget "TangoTestKun" */ = {
			isa = XCConfigurationList;
			buildConfigurations = (
				EBF15BCF2998D789001F63AD /* Debug */,
				EBF15BD02998D789001F63AD /* Release */,
			);
			defaultConfigurationIsVisible = 0;
			defaultConfigurationName = Release;
		};
/* End XCConfigurationList section */
	};
	rootObject = EBF15BB72998D783001F63AD /* Project object */;
}
